schema: '2.0'
stages:
  en:
    cmd: python -m mwsa_model.load_data en
    deps:
    - path: mwsa_model/load_data.py
      md5: 5b8c8555c062707fc9cd3af441a8d6ee
      size: 1488
    params:
      en_params.yaml:
        data.dataset: english_nuig.tsv
        data.version: v1.0
    outs:
    - path: mwsa_model/data/features_english_nuig.tsv.pkl
      md5: 794b7587484aae63faf803ef13f770bc
      size: 399441
    - path: mwsa_model/data/labels_english_nuig.tsv.pkl
      md5: a00bc01b22d700bb18c8cf127fcc86ad
      size: 17443
  en_train:
    cmd: python -m mwsa_model.train english_nuig.tsv en
    deps:
    - path: mwsa_model/data/labels_english_nuig.tsv.pkl
      md5: a00bc01b22d700bb18c8cf127fcc86ad
      size: 17443
    - path: mwsa_model/output/preprocessed_english_nuig.tsv.pkl
      md5: 6418523fa8364c45b6e80c763fde6c14
      size: 476790
    - path: mwsa_model/service/model_trainer.py
      md5: bb4c61d89acc83506940d61c1d8a5ef8
      size: 1871
    - path: mwsa_model/train.py
      md5: 279c14ae43267d2f439a3f1cb371a51f
      size: 2516
    params:
      en_params.yaml:
        lang.preprocess__lang: en
        random_forest.random_forest__bootstrap:
        - true
        random_forest.random_forest__class_weight:
        - balanced
        random_forest.random_forest__max_depth:
        - 30
        - 50
        random_forest.random_forest__max_features:
        - auto
        random_forest.random_forest__min_samples_leaf:
        - 3
        random_forest.random_forest__min_samples_split:
        - 2
        random_forest.random_forest__n_estimators:
        - 100
        random_forest.random_forest__n_jobs:
        - -1
        random_forest.random_forest__random_state:
        - 7
    outs:
    - path: mwsa_model/output/metrics/en_cv_score.txt
      md5: 8495a30bf24a55757be8751402e9c296
      size: 26
    - path: mwsa_model/output/models/en.joblib
      md5: 6fbda24d6aefdbb559400c074f77b4b3
      size: 14184499
    - path: mwsa_model/output/models/en.pkl
      md5: 3438f10fdb12f8d69109ff40b5be53ea
      size: 14189385
  en_evaluate:
    cmd: python -m mwsa_model.evaluate en.pkl metrics_en.json en_predictions.txt en
    deps:
    - path: mwsa_model/evaluate.py
      md5: a01528c3bc4b61a9a2e84641460c96cc
      size: 4271
    - path: mwsa_model/output/models/en.pkl
      md5: 3438f10fdb12f8d69109ff40b5be53ea
      size: 14189385
    - path: mwsa_model/output/pipeline/pipeline_english_nuig.tsv.pkl
      md5: 8a7ba3b0faeea1e6de035a04af89bd9e
      size: 1126
    params:
      en_params.yaml:
        data.dataset: english_nuig.tsv
        data.version: v1.0
    outs:
    - path: mwsa_model/output/metrics/metrics_en.json
      md5: 53e3b0aef8b7244ff2a2d81270dcf9fc
      size: 89
    - path: mwsa_model/output/predictions/en_predictions.txt
      md5: 49c44a046b3bd9170c11220e921285e8
      size: 85583
  de:
    cmd: python -m mwsa_model.load_data data/train/ german.tsv
    deps:
    - path: data/train/german.tsv
      md5: dd879482c2f97d2eae4eacd0993f87c0
      size: 709658
    - path: mwsa_model/load_data.py
      md5: e0a7bd8e50320f9314afb9b0cdc09bc6
      size: 1224
    outs:
    - path: mwsa_model/data/features_german.tsv.pkl
      md5: 3218d7f8592a97cd62e7a348505b9326
      size: 290272
    - path: mwsa_model/data/labels_german.tsv.pkl
      md5: e1cbee1a1164bd71735d2d8578f356d6
      size: 9538
  de_train:
    cmd: python -m mwsa_model.preprocess features_german.tsv.pkl labels_german.tsv.pkl
      de
    deps:
    - path: mwsa_model/data/features_german.tsv.pkl
      md5: 3218d7f8592a97cd62e7a348505b9326
      size: 290272
    - path: mwsa_model/data/labels_german.tsv.pkl
      md5: e1cbee1a1164bd71735d2d8578f356d6
      size: 9538
    - path: mwsa_model/preprocess.py
      md5: 3059b360c8f31c3db5ab4d43f0863de8
      size: 2836
    - path: mwsa_model/service/model_trainer.py
      md5: 6d5b6b3e302f9c4793e42eaf91446653
      size: 17780
    outs:
    - path: mwsa_model/output/metrics/de_cv_score.txt
      md5: 767e00aee9519244771c19187b904142
      size: 9
    - path: mwsa_model/output/models/de.pkl
      md5: 5ad58dfeb9c5288af4ef90dd8673a9e1
      size: 25525256
  de_evaluate:
    cmd: python -m mwsa_model.evaluate de.pkl german.tsv metrics_de.txt de_predictions.txt
    deps:
    - path: data/reference_data/german.tsv
      md5: 6e19c55a333e88ebf4c12cc81a4e1d5f
      size: 89944
    - path: data/test/german.tsv
      md5: 8ef0cf90e6e707ce7c1b2b869b3fdd2b
      size: 86761
    - path: mwsa_model/evaluate.py
      md5: b5a246252916a101481417977dcd555e
      size: 1690
    - path: mwsa_model/output/models/de.pkl
      md5: 5ad58dfeb9c5288af4ef90dd8673a9e1
      size: 25525256
    outs:
    - path: mwsa_model/output/metrics/metrics_de.txt
      md5: 85dd733b4971cc99c846fa9d33e5dc51
      size: 9
    - path: mwsa_model/output/predictions/de_predictions.txt
      md5: f90f88cf1d4d57ed6fb09d6df9624a89
      size: 90025
  en_preprocess:
    cmd: python -m mwsa_model.preprocess english_nuig.tsv en
    deps:
    - path: mwsa_model/data/features_english_nuig.tsv.pkl
      md5: 794b7587484aae63faf803ef13f770bc
      size: 399441
    - path: mwsa_model/preprocess.py
      md5: b4a803a13acf3182be4efe2cd105297f
      size: 1431
    - path: mwsa_model/service/model_trainer.py
      md5: bb4c61d89acc83506940d61c1d8a5ef8
      size: 1871
    outs:
    - path: mwsa_model/output/pipeline/pipeline_english_nuig.tsv.pkl
      md5: 8a7ba3b0faeea1e6de035a04af89bd9e
      size: 1126
    - path: mwsa_model/output/preprocessed_english_nuig.tsv.pkl
      md5: 6418523fa8364c45b6e80c763fde6c14
      size: 476790
  sr_load:
    cmd: python -m mwsa_model.load_data sr
    deps:
    - path: mwsa_model/load_data.py
      md5: 5b8c8555c062707fc9cd3af441a8d6ee
      size: 1488
    params:
      sr_params.yaml:
        data.dataset: serbian.tsv
        data.version: v1.0
    outs:
    - path: mwsa_model/data/features_serbian.tsv.pkl
      md5: 63b85f2071222b81c7308fb91d6cd215
      size: 347202
    - path: mwsa_model/data/labels_serbian.tsv.pkl
      md5: cdeba460ffe46daa36039365bdf52127
      size: 12353
  sl_load:
    cmd: python -m mwsa_model.load_data sl
    deps:
    - path: mwsa_model/load_data.py
      md5: 5b8c8555c062707fc9cd3af441a8d6ee
      size: 1488
    params:
      sl_params.yaml:
        data.dataset: slovene.tsv
        data.version: v1.0
    outs:
    - path: mwsa_model/data/features_slovene.tsv.pkl
      md5: 8b64fa4235e6128846b396ca9dfeba25
      size: 217589
    - path: mwsa_model/data/labels_slovene.tsv.pkl
      md5: eb4f9e3486bbfea3b6cfe1d5d897bd38
      size: 14199
  sl_preprocess:
    cmd: python -m mwsa_model.preprocess slovene.tsv sl
    deps:
    - path: mwsa_model/data/features_slovene.tsv.pkl
      md5: 8b64fa4235e6128846b396ca9dfeba25
      size: 217589
    - path: mwsa_model/preprocess.py
      md5: 2411300a8d92c27c762fb349ed340bd4
      size: 1468
    - path: mwsa_model/service/model_trainer.py
      md5: bb4c61d89acc83506940d61c1d8a5ef8
      size: 1871
    outs:
    - path: mwsa_model/output/pipeline/pipeline_slovene.tsv.pkl
      md5: f4103ff05667dc16e66919747d6aee73
      size: 833
    - path: mwsa_model/output/preprocessed_slovene.tsv.pkl
      md5: f4896d254252a010a1262b75c4208d81
      size: 169306
  sl_train:
    cmd: python -m mwsa_model.train slovene.tsv sl
    deps:
    - path: mwsa_model/data/labels_slovene.tsv.pkl
      md5: eb4f9e3486bbfea3b6cfe1d5d897bd38
      size: 14199
    - path: mwsa_model/output/preprocessed_slovene.tsv.pkl
      md5: f4896d254252a010a1262b75c4208d81
      size: 169306
    - path: mwsa_model/service/model_trainer.py
      md5: bb4c61d89acc83506940d61c1d8a5ef8
      size: 1871
    - path: mwsa_model/train.py
      md5: 279c14ae43267d2f439a3f1cb371a51f
      size: 2516
    params:
      sl_params.yaml:
        lang.preprocess__lang: sl
        random_forest.random_forest__bootstrap:
        - true
        random_forest.random_forest__class_weight:
        - balanced
        - balanced_subsample
        random_forest.random_forest__max_depth:
        - 10
        - 30
        - 50
        random_forest.random_forest__max_features:
        - auto
        random_forest.random_forest__min_samples_leaf:
        - 2
        - 5
        - 10
        random_forest.random_forest__min_samples_split:
        - 2
        - 5
        - 10
        random_forest.random_forest__n_estimators:
        - 50
        - 100
        - 200
        random_forest.random_forest__n_jobs:
        - -1
        random_forest.random_forest__random_state:
        - 7
    outs:
    - path: mwsa_model/output/metrics/sl_cv_score.txt
      md5: a82c7638a199f37fca3f4815d063fb0e
      size: 26
    - path: mwsa_model/output/models/sl.pkl
      md5: 242be87aa8af11e5566052d83dc3c0bf
      size: 861135
  sl_evaluate:
    cmd: python -m mwsa_model.evaluate sl.pkl metrics_sl.json sl_predictions.txt sl
    deps:
    - path: mwsa_model/evaluate.py
      md5: a01528c3bc4b61a9a2e84641460c96cc
      size: 4271
    - path: mwsa_model/output/models/sl.pkl
      md5: 242be87aa8af11e5566052d83dc3c0bf
      size: 861135
    - path: mwsa_model/output/pipeline/pipeline_slovene.tsv.pkl
      md5: f4103ff05667dc16e66919747d6aee73
      size: 833
    params:
      sl_params.yaml:
        data.dataset: slovene.tsv
        data.version: v1.0
    outs:
    - path: mwsa_model/output/metrics/metrics_sl.json
      md5: 3b974f412e78c936bba9e905b7380d33
      size: 89
    - path: mwsa_model/output/predictions/sl_predictions.txt
      md5: 72782a272d5b351bdf298e435f0d792e
      size: 62362
